
Microsoft Visual Studio Solution File, Format Version 12.00
# Visual Studio Version 17
VisualStudioVersion = 17.3.32825.248
MinimumVisualStudioVersion = 10.0.40219.1
Project("{888888A0-9F3D-457C-B088-3A5042F75D52}") = "hoshinonaka", "hoshinonaka.pyproj", "{8571EEC0-5A78-44E1-A48B-093DEC1AEC09}"
EndProject
Global
	GlobalSection(SolutionConfigurationPlatforms) = preSolution
		Debug|Any CPU = Debug|Any CPU
		Release|Any CPU = Release|Any CPU
	EndGlobalSection
	GlobalSection(ProjectConfigurationPlatforms) = postSolution
		{8571EEC0-5A78-44E1-A48B-093DEC1AEC09}.Debug|Any CPU.ActiveCfg = Debug|Any CPU
		{8571EEC0-5A78-44E1-A48B-093DEC1AEC09}.Debug|Any CPU.Build.0 = Debug|Any CPU
		{8571EEC0-5A78-44E1-A48B-093DEC1AEC09}.Release|Any CPU.ActiveCfg = Release|Any CPU
		{8571EEC0-5A78-44E1-A48B-093DEC1AEC09}.Release|Any CPU.Build.0 = Release|Any CPU
	EndGlobalSection
	GlobalSection(SolutionProperties) = preSolution
		HideSolutionNode = FALSE
	EndGlobalSection
	GlobalSection(ExtensibilityGlobals) = postSolution
		SolutionGuid = {951FD8DE-720A-4840-8263-7E03194CDCD4}
	EndGlobalSection
EndGlobal
